{
  "name": "diazo",
  "version": "0.0.17",
  "lockfileVersion": 2,
  "requires": true,
  "packages": {
    "": {
      "name": "diazo",
      "version": "0.0.17",
      "dependencies": {
        "@astronautlabs/jsonpath": "^1.1.0",
        "@diazo/model": "^1.0.2",
        "subsink": "^1.0.1",
        "tslib": "^2.0.0"
      },
      "peerDependencies": {
        "@angular/animations": "^9.0.0 || ^10.0.0 || ^11.0.0 || ^12.0.0 || ^13.0.0",
        "@angular/cdk": "^9.0.0 || ^10.0.0 || ^11.0.0 || ^12.0.0 || ^13.0.0",
        "@angular/common": "^9.0.0 || ^10.0.0 || ^11.0.0 || ^12.0.0 || ^13.0.0",
        "@angular/core": "^9.0.0 || ^10.0.0 || ^11.0.0 || ^12.0.0 || ^13.0.0",
        "@angular/forms": "^9.0.0 || ^10.0.0 || ^11.0.0 || ^12.0.0 || ^13.0.0",
        "@angular/material": "^9.0.0 || ^10.0.0 || ^11.0.0 || ^12.0.0 || ^13.0.0",
        "ngx-monaco-editor": "^9.0.0 || ^10.0.0 || ^11.0.0 || ^12.0.0 || ^13.0.0"
      }
    },
    "node_modules/@angular/animations": {
      "version": "13.3.4",
      "resolved": "https://registry.npmjs.org/@angular/animations/-/animations-13.3.4.tgz",
      "integrity": "sha512-cXjjbzYR2hda9BDAu0teJUVbbA03jJTK53vIYnDLIAvN20YRPo9LqINxpUlbAzH6hE8v5xF2LLnAXcaQROVpIw==",
      "peer": true,
      "dependencies": {
        "tslib": "^2.3.0"
      },
      "engines": {
        "node": "^12.20.0 || ^14.15.0 || >=16.10.0"
      },
      "peerDependencies": {
        "@angular/core": "13.3.4"
      }
    },
    "node_modules/@angular/cdk": {
      "version": "13.3.4",
      "resolved": "https://registry.npmjs.org/@angular/cdk/-/cdk-13.3.4.tgz",
      "integrity": "sha512-im4LKxJaIuqFVzmtf650PoiYsn/SZlvBV2zEgzusK8HwQ24C1Lya7NQSApwl8k43h4eKO1OvUKBjqL5uDgEQag==",
      "peer": true,
      "dependencies": {
        "tslib": "^2.3.0"
      },
      "optionalDependencies": {
        "parse5": "^5.0.0"
      },
      "peerDependencies": {
        "@angular/common": "^13.0.0 || ^14.0.0-0",
        "@angular/core": "^13.0.0 || ^14.0.0-0",
        "rxjs": "^6.5.3 || ^7.4.0"
      }
    },
    "node_modules/@angular/common": {
      "version": "13.3.4",
      "resolved": "https://registry.npmjs.org/@angular/common/-/common-13.3.4.tgz",
      "integrity": "sha512-vPZuUGWMXz6r30obBqH+iIG4Feq4YEK/4wUks7PEYGke8MXFPYsNKuHMhKCgYEhabD/4Mo4GEp3i18/3Kk72Mw==",
      "peer": true,
      "dependencies": {
        "tslib": "^2.3.0"
      },
      "engines": {
        "node": "^12.20.0 || ^14.15.0 || >=16.10.0"
      },
      "peerDependencies": {
        "@angular/core": "13.3.4",
        "rxjs": "^6.5.3 || ^7.4.0"
      }
    },
    "node_modules/@angular/core": {
      "version": "13.3.4",
      "resolved": "https://registry.npmjs.org/@angular/core/-/core-13.3.4.tgz",
      "integrity": "sha512-PqPwx9oaV0Bh0m0fdI2jtXUC6s04jfD4vyzB4sjEuRI9pRUnZ6M5hZ5Vn/KJVZyt411MevbJfqzUVf0W+GDZew==",
      "peer": true,
      "dependencies": {
        "tslib": "^2.3.0"
      },
      "engines": {
        "node": "^12.20.0 || ^14.15.0 || >=16.10.0"
      },
      "peerDependencies": {
        "rxjs": "^6.5.3 || ^7.4.0",
        "zone.js": "~0.11.4"
      }
    },
    "node_modules/@angular/forms": {
      "version": "13.3.4",
      "resolved": "https://registry.npmjs.org/@angular/forms/-/forms-13.3.4.tgz",
      "integrity": "sha512-QHyUXOKYITysaJJ4VnmBacE69oz0rw4G7Y2lhPb2V3a1XsWeO61SZEeGMfAWo7sLoDvi2MCEWNEhl1du4dK14A==",
      "peer": true,
      "dependencies": {
        "tslib": "^2.3.0"
      },
      "engines": {
        "node": "^12.20.0 || ^14.15.0 || >=16.10.0"
      },
      "peerDependencies": {
        "@angular/common": "13.3.4",
        "@angular/core": "13.3.4",
        "@angular/platform-browser": "13.3.4",
        "rxjs": "^6.5.3 || ^7.4.0"
      }
    },
    "node_modules/@angular/material": {
      "version": "13.3.4",
      "resolved": "https://registry.npmjs.org/@angular/material/-/material-13.3.4.tgz",
      "integrity": "sha512-jK9rWmBaPrE+3re6uIdyvG5DCzc47VUvnP1DqblNnpaa8GCKllb1cFRGqa5GPYB1/96d3wO+RPwzhC06qqV+yw==",
      "peer": true,
      "dependencies": {
        "tslib": "^2.3.0"
      },
      "peerDependencies": {
        "@angular/animations": "^13.0.0 || ^14.0.0-0",
        "@angular/cdk": "13.3.4",
        "@angular/common": "^13.0.0 || ^14.0.0-0",
        "@angular/core": "^13.0.0 || ^14.0.0-0",
        "@angular/forms": "^13.0.0 || ^14.0.0-0",
        "@angular/platform-browser": "^13.0.0 || ^14.0.0-0",
        "rxjs": "^6.5.3 || ^7.4.0"
      }
    },
    "node_modules/@angular/platform-browser": {
      "version": "13.3.4",
      "resolved": "https://registry.npmjs.org/@angular/platform-browser/-/platform-browser-13.3.4.tgz",
      "integrity": "sha512-IjBOkjrIVIbbZCDQJRdel0FSDcExSLDgMxcCSQ6pKa6oR/t59BJpSpOhB1W9nRwLtvMmGYkS/oyLFsKk65UoYA==",
      "peer": true,
      "dependencies": {
        "tslib": "^2.3.0"
      },
      "engines": {
        "node": "^12.20.0 || ^14.15.0 || >=16.10.0"
      },
      "peerDependencies": {
        "@angular/animations": "13.3.4",
        "@angular/common": "13.3.4",
        "@angular/core": "13.3.4"
      },
      "peerDependenciesMeta": {
        "@angular/animations": {
          "optional": true
        }
      }
    },
    "node_modules/@astronautlabs/jsonpath": {
      "version": "1.1.0",
      "resolved": "https://registry.npmjs.org/@astronautlabs/jsonpath/-/jsonpath-1.1.0.tgz",
      "integrity": "sha512-I4sckUQNYEeF4w6AkujiRblVzC0jo3ja+bxKHB1M2aFiaBjevSGlBdgZ80PgCX5sj65/AhKSFN9+cT908avBlQ==",
      "dependencies": {
        "@types/esprima": "^4.0.2",
        "@types/mkdirp": "^1.0.0",
        "esprima": "1.2.2",
        "static-eval": "2.0.2",
        "underscore": "1.7.0"
      }
    },
    "node_modules/@diazo/model": {
      "version": "1.0.2",
      "resolved": "https://registry.npmjs.org/@diazo/model/-/model-1.0.2.tgz",
      "integrity": "sha512-+TwOr3RlO9H1owE4fmAf5gdWG4Spb7/mERyWgCI1OnRhtB7VO9WVHoQMTNLcDeO5VWB3hHNh5IgLHzRxajJ/HQ==",
      "dependencies": {
        "@astronautlabs/jsonpath": "^1.0.6",
        "rxjs": "^6.5.5",
        "subsink": "^1.0.1",
        "uuid": "^8.1.0"
      }
    },
    "node_modules/@types/esprima": {
      "version": "4.0.2",
      "resolved": "https://registry.npmjs.org/@types/esprima/-/esprima-4.0.2.tgz",
      "integrity": "sha512-DKqdyuy7Go7ir6iKhZ0jUvgt/h9Q5zb9xS+fLeeXD2QSHv8gC6TimgujBBGfw8dHrpx4+u2HlMv7pkYOOfuUqg==",
      "dependencies": {
        "@types/estree": "*"
      }
    },
    "node_modules/@types/estree": {
      "version": "0.0.44",
      "resolved": "https://registry.npmjs.org/@types/estree/-/estree-0.0.44.tgz",
      "integrity": "sha512-iaIVzr+w2ZJ5HkidlZ3EJM8VTZb2MJLCjw3V+505yVts0gRC4UMvjw0d1HPtGqI/HQC/KdsYtayfzl+AXY2R8g=="
    },
    "node_modules/@types/mkdirp": {
      "version": "1.0.0",
      "resolved": "https://registry.npmjs.org/@types/mkdirp/-/mkdirp-1.0.0.tgz",
      "integrity": "sha512-ONFY9//bCEr3DWKON3iDv/Q8LXnhaYYaNDeFSN0AtO5o4sLf9F0pstJKKKjQhXE0kJEeHs8eR6SAsROhhc2Csw==",
      "dependencies": {
        "@types/node": "*"
      }
    },
    "node_modules/@types/node": {
      "version": "14.0.5",
      "resolved": "https://registry.npmjs.org/@types/node/-/node-14.0.5.tgz",
      "integrity": "sha512-90hiq6/VqtQgX8Sp0EzeIsv3r+ellbGj4URKj5j30tLlZvRUpnAe9YbYnjl3pJM93GyXU0tghHhvXHq+5rnCKA=="
    },
    "node_modules/deep-is": {
      "version": "0.1.3",
      "resolved": "https://registry.npmjs.org/deep-is/-/deep-is-0.1.3.tgz",
      "integrity": "sha1-s2nW+128E+7PUk+RsHD+7cNXzzQ="
    },
    "node_modules/escodegen": {
      "version": "1.14.1",
      "resolved": "https://registry.npmjs.org/escodegen/-/escodegen-1.14.1.tgz",
      "integrity": "sha512-Bmt7NcRySdIfNPfU2ZoXDrrXsG9ZjvDxcAlMfDUgRBjLOWTuIACXPBFJH7Z+cLb40JeQco5toikyc9t9P8E9SQ==",
      "dependencies": {
        "esprima": "^4.0.1",
        "estraverse": "^4.2.0",
        "esutils": "^2.0.2",
        "optionator": "^0.8.1"
      },
      "bin": {
        "escodegen": "bin/escodegen.js",
        "esgenerate": "bin/esgenerate.js"
      },
      "engines": {
        "node": ">=4.0"
      },
      "optionalDependencies": {
        "source-map": "~0.6.1"
      }
    },
    "node_modules/escodegen/node_modules/esprima": {
      "version": "4.0.1",
      "resolved": "https://registry.npmjs.org/esprima/-/esprima-4.0.1.tgz",
      "integrity": "sha512-eGuFFw7Upda+g4p+QHvnW0RyTX/SVeJBDM/gCtMARO0cLuT2HcEKnTPvhjV6aGeqrCB/sbNop0Kszm0jsaWU4A==",
      "bin": {
        "esparse": "bin/esparse.js",
        "esvalidate": "bin/esvalidate.js"
      },
      "engines": {
        "node": ">=4"
      }
    },
    "node_modules/esprima": {
      "version": "1.2.2",
      "resolved": "https://registry.npmjs.org/esprima/-/esprima-1.2.2.tgz",
      "integrity": "sha1-dqD9Zvz+FU/SkmZ9wmQBl1CxZXs=",
      "bin": {
        "esparse": "bin/esparse.js",
        "esvalidate": "bin/esvalidate.js"
      },
      "engines": {
        "node": ">=0.4.0"
      }
    },
    "node_modules/estraverse": {
      "version": "4.3.0",
      "resolved": "https://registry.npmjs.org/estraverse/-/estraverse-4.3.0.tgz",
      "integrity": "sha512-39nnKffWz8xN1BU/2c79n9nB9HDzo0niYUqx6xyqUnyoAnQyyWpOTdZEeiCch8BBu515t4wp9ZmgVfVhn9EBpw==",
      "engines": {
        "node": ">=4.0"
      }
    },
    "node_modules/esutils": {
      "version": "2.0.3",
      "resolved": "https://registry.npmjs.org/esutils/-/esutils-2.0.3.tgz",
      "integrity": "sha512-kVscqXk4OCp68SZ0dkgEKVi6/8ij300KBWTJq32P/dYeWTSwK41WyTxalN1eRmA5Z9UU/LX9D7FWSmV9SAYx6g==",
      "engines": {
        "node": ">=0.10.0"
      }
    },
    "node_modules/fast-levenshtein": {
      "version": "2.0.6",
      "resolved": "https://registry.npmjs.org/fast-levenshtein/-/fast-levenshtein-2.0.6.tgz",
      "integrity": "sha1-PYpcZog6FqMMqGQ+hR8Zuqd5eRc="
    },
    "node_modules/levn": {
      "version": "0.3.0",
      "resolved": "https://registry.npmjs.org/levn/-/levn-0.3.0.tgz",
      "integrity": "sha1-OwmSTt+fCDwEkP3UwLxEIeBHZO4=",
      "dependencies": {
        "prelude-ls": "~1.1.2",
        "type-check": "~0.3.2"
      },
      "engines": {
        "node": ">= 0.8.0"
      }
    },
    "node_modules/monaco-editor": {
      "version": "0.24.0",
      "resolved": "https://registry.npmjs.org/monaco-editor/-/monaco-editor-0.24.0.tgz",
      "integrity": "sha512-o1f0Lz6ABFNTtnEqqqvlY9qzNx24rQZx1RgYNQ8SkWkE+Ka63keHH/RqxQ4QhN4fs/UYOnvAtEUZsPrzccH++A==",
      "peer": true
    },
    "node_modules/ngx-monaco-editor": {
      "version": "12.0.0",
      "resolved": "https://registry.npmjs.org/ngx-monaco-editor/-/ngx-monaco-editor-12.0.0.tgz",
      "integrity": "sha512-/HXTILVwWvrk4OkT1p88nb+PGEqlecQot2VMTdSLbVW7A24fNZpDAF6tNR4Bp3V/abZjShDK8LfsqLePA0tPmw==",
      "peer": true,
      "dependencies": {
        "tslib": "^2.1.0"
      },
      "peerDependencies": {
        "@angular/common": "^12.0.0",
        "@angular/core": "^12.0.0",
        "monaco-editor": "^0.24.0"
      }
    },
    "node_modules/optionator": {
      "version": "0.8.3",
      "resolved": "https://registry.npmjs.org/optionator/-/optionator-0.8.3.tgz",
      "integrity": "sha512-+IW9pACdk3XWmmTXG8m3upGUJst5XRGzxMRjXzAuJ1XnIFNvfhjjIuYkDvysnPQ7qzqVzLt78BCruntqRhWQbA==",
      "dependencies": {
        "deep-is": "~0.1.3",
        "fast-levenshtein": "~2.0.6",
        "levn": "~0.3.0",
        "prelude-ls": "~1.1.2",
        "type-check": "~0.3.2",
        "word-wrap": "~1.2.3"
      },
      "engines": {
        "node": ">= 0.8.0"
      }
    },
    "node_modules/parse5": {
      "version": "5.1.1",
      "resolved": "https://registry.npmjs.org/parse5/-/parse5-5.1.1.tgz",
      "integrity": "sha512-ugq4DFI0Ptb+WWjAdOK16+u/nHfiIrcE+sh8kZMaM0WllQKLI9rOUq6c2b7cwPkXdzfQESqvoqK6ug7U/Yyzug==",
      "optional": true,
      "peer": true
    },
    "node_modules/prelude-ls": {
      "version": "1.1.2",
      "resolved": "https://registry.npmjs.org/prelude-ls/-/prelude-ls-1.1.2.tgz",
      "integrity": "sha1-IZMqVJ9eUv/ZqCf1cOBL5iqX2lQ=",
      "engines": {
        "node": ">= 0.8.0"
      }
    },
    "node_modules/rxjs": {
      "version": "6.5.5",
      "resolved": "https://registry.npmjs.org/rxjs/-/rxjs-6.5.5.tgz",
      "integrity": "sha512-WfQI+1gohdf0Dai/Bbmk5L5ItH5tYqm3ki2c5GdWhKjalzjg93N3avFjVStyZZz+A2Em+ZxKH5bNghw9UeylGQ==",
      "dependencies": {
        "tslib": "^1.9.0"
      },
      "engines": {
        "npm": ">=2.0.0"
      }
    },
    "node_modules/rxjs/node_modules/tslib": {
      "version": "1.14.1",
      "resolved": "https://registry.npmjs.org/tslib/-/tslib-1.14.1.tgz",
      "integrity": "sha512-Xni35NKzjgMrwevysHTCArtLDpPvye8zV/0E4EyYn43P7/7qvQwPh9BGkHewbMulVntbigmcT7rdX3BNo9wRJg=="
    },
    "node_modules/source-map": {
      "version": "0.6.1",
      "resolved": "https://registry.npmjs.org/source-map/-/source-map-0.6.1.tgz",
      "integrity": "sha512-UjgapumWlbMhkBgzT7Ykc5YXUT46F0iKu8SGXq0bcwP5dz/h0Plj6enJqjz1Zbq2l5WaqYnrVbwWOWMyF3F47g==",
      "optional": true,
      "engines": {
        "node": ">=0.10.0"
      }
    },
    "node_modules/static-eval": {
      "version": "2.0.2",
      "resolved": "https://registry.npmjs.org/static-eval/-/static-eval-2.0.2.tgz",
      "integrity": "sha512-N/D219Hcr2bPjLxPiV+TQE++Tsmrady7TqAJugLy7Xk1EumfDWS/f5dtBbkRCGE7wKKXuYockQoj8Rm2/pVKyg==",
      "dependencies": {
        "escodegen": "^1.8.1"
      }
    },
    "node_modules/subsink": {
      "version": "1.0.1",
      "resolved": "https://registry.npmjs.org/subsink/-/subsink-1.0.1.tgz",
      "integrity": "sha512-WtsWee/fOtrJat2aKGRF4X36kvjsv8wdcSKWcAxYUPgww5TYHPU+Jro9hu2YJKynl607V97Nc+plGXyWrLqhNQ=="
    },
    "node_modules/tslib": {
      "version": "2.4.0",
      "resolved": "https://registry.npmjs.org/tslib/-/tslib-2.4.0.tgz",
      "integrity": "sha512-d6xOpEDfsi2CZVlPQzGeux8XMwLT9hssAsaPYExaQMuYskwb+x1x7J371tWlbBdWHroy99KnVB6qIkUbs5X3UQ=="
    },
    "node_modules/type-check": {
      "version": "0.3.2",
      "resolved": "https://registry.npmjs.org/type-check/-/type-check-0.3.2.tgz",
      "integrity": "sha1-WITKtRLPHTVeP7eE8wgEsrUg23I=",
      "dependencies": {
        "prelude-ls": "~1.1.2"
      },
      "engines": {
        "node": ">= 0.8.0"
      }
    },
    "node_modules/underscore": {
      "version": "1.7.0",
      "resolved": "https://registry.npmjs.org/underscore/-/underscore-1.7.0.tgz",
      "integrity": "sha1-a7rwh3UA02vjTsqlhODbn+8DUgk="
    },
    "node_modules/uuid": {
      "version": "8.1.0",
      "resolved": "https://registry.npmjs.org/uuid/-/uuid-8.1.0.tgz",
      "integrity": "sha512-CI18flHDznR0lq54xBycOVmphdCYnQLKn8abKn7PXUiKUGdEd+/l9LWNJmugXel4hXq7S+RMNl34ecyC9TntWg==",
      "bin": {
        "uuid": "dist/bin/uuid"
      }
    },
    "node_modules/word-wrap": {
      "version": "1.2.3",
      "resolved": "https://registry.npmjs.org/word-wrap/-/word-wrap-1.2.3.tgz",
      "integrity": "sha512-Hz/mrNwitNRh/HUAtM/VT/5VH+ygD6DV7mYKZAtHOrbs8U7lvPS6xf7EJKMF0uW1KJCl0H701g3ZGus+muE5vQ==",
      "engines": {
        "node": ">=0.10.0"
      }
    },
    "node_modules/zone.js": {
      "version": "0.11.5",
      "resolved": "https://registry.npmjs.org/zone.js/-/zone.js-0.11.5.tgz",
      "integrity": "sha512-D1/7VxEuQ7xk6z/kAROe4SUbd9CzxY4zOwVGnGHerd/SgLIVU5f4esDzQUsOCeArn933BZfWMKydH7l7dPEp0g==",
      "peer": true,
      "dependencies": {
        "tslib": "^2.3.0"
      }
    }
  },
  "dependencies": {
    "@angular/animations": {
      "version": "13.3.4",
      "resolved": "https://registry.npmjs.org/@angular/animations/-/animations-13.3.4.tgz",
      "integrity": "sha512-cXjjbzYR2hda9BDAu0teJUVbbA03jJTK53vIYnDLIAvN20YRPo9LqINxpUlbAzH6hE8v5xF2LLnAXcaQROVpIw==",
      "peer": true,
      "requires": {
        "tslib": "^2.3.0"
      }
    },
    "@angular/cdk": {
      "version": "13.3.4",
      "resolved": "https://registry.npmjs.org/@angular/cdk/-/cdk-13.3.4.tgz",
      "integrity": "sha512-im4LKxJaIuqFVzmtf650PoiYsn/SZlvBV2zEgzusK8HwQ24C1Lya7NQSApwl8k43h4eKO1OvUKBjqL5uDgEQag==",
      "peer": true,
      "requires": {
        "parse5": "^5.0.0",
        "tslib": "^2.3.0"
      }
    },
    "@angular/common": {
      "version": "13.3.4",
      "resolved": "https://registry.npmjs.org/@angular/common/-/common-13.3.4.tgz",
      "integrity": "sha512-vPZuUGWMXz6r30obBqH+iIG4Feq4YEK/4wUks7PEYGke8MXFPYsNKuHMhKCgYEhabD/4Mo4GEp3i18/3Kk72Mw==",
      "peer": true,
      "requires": {
        "tslib": "^2.3.0"
      }
    },
    "@angular/core": {
      "version": "13.3.4",
      "resolved": "https://registry.npmjs.org/@angular/core/-/core-13.3.4.tgz",
      "integrity": "sha512-PqPwx9oaV0Bh0m0fdI2jtXUC6s04jfD4vyzB4sjEuRI9pRUnZ6M5hZ5Vn/KJVZyt411MevbJfqzUVf0W+GDZew==",
      "peer": true,
      "requires": {
        "tslib": "^2.3.0"
      }
    },
    "@angular/forms": {
      "version": "13.3.4",
      "resolved": "https://registry.npmjs.org/@angular/forms/-/forms-13.3.4.tgz",
      "integrity": "sha512-QHyUXOKYITysaJJ4VnmBacE69oz0rw4G7Y2lhPb2V3a1XsWeO61SZEeGMfAWo7sLoDvi2MCEWNEhl1du4dK14A==",
      "peer": true,
      "requires": {
        "tslib": "^2.3.0"
      }
    },
    "@angular/material": {
      "version": "13.3.4",
      "resolved": "https://registry.npmjs.org/@angular/material/-/material-13.3.4.tgz",
      "integrity": "sha512-jK9rWmBaPrE+3re6uIdyvG5DCzc47VUvnP1DqblNnpaa8GCKllb1cFRGqa5GPYB1/96d3wO+RPwzhC06qqV+yw==",
      "peer": true,
      "requires": {
        "tslib": "^2.3.0"
      }
    },
    "@angular/platform-browser": {
      "version": "13.3.4",
      "resolved": "https://registry.npmjs.org/@angular/platform-browser/-/platform-browser-13.3.4.tgz",
      "integrity": "sha512-IjBOkjrIVIbbZCDQJRdel0FSDcExSLDgMxcCSQ6pKa6oR/t59BJpSpOhB1W9nRwLtvMmGYkS/oyLFsKk65UoYA==",
      "peer": true,
      "requires": {
        "tslib": "^2.3.0"
      }
    },
    "@astronautlabs/jsonpath": {
      "version": "1.1.0",
      "resolved": "https://registry.npmjs.org/@astronautlabs/jsonpath/-/jsonpath-1.1.0.tgz",
      "integrity": "sha512-I4sckUQNYEeF4w6AkujiRblVzC0jo3ja+bxKHB1M2aFiaBjevSGlBdgZ80PgCX5sj65/AhKSFN9+cT908avBlQ==",
      "requires": {
        "@types/esprima": "^4.0.2",
        "@types/mkdirp": "^1.0.0",
        "esprima": "1.2.2",
        "static-eval": "2.0.2",
        "underscore": "1.7.0"
      }
    },
    "@diazo/model": {
      "version": "1.0.2",
      "resolved": "https://registry.npmjs.org/@diazo/model/-/model-1.0.2.tgz",
      "integrity": "sha512-+TwOr3RlO9H1owE4fmAf5gdWG4Spb7/mERyWgCI1OnRhtB7VO9WVHoQMTNLcDeO5VWB3hHNh5IgLHzRxajJ/HQ==",
      "requires": {
        "@astronautlabs/jsonpath": "^1.0.6",
        "rxjs": "^6.5.5",
        "subsink": "^1.0.1",
        "uuid": "^8.1.0"
      }
    },
    "@types/esprima": {
      "version": "4.0.2",
      "resolved": "https://registry.npmjs.org/@types/esprima/-/esprima-4.0.2.tgz",
      "integrity": "sha512-DKqdyuy7Go7ir6iKhZ0jUvgt/h9Q5zb9xS+fLeeXD2QSHv8gC6TimgujBBGfw8dHrpx4+u2HlMv7pkYOOfuUqg==",
      "requires": {
        "@types/estree": "*"
      }
    },
    "@types/estree": {
      "version": "0.0.44",
      "resolved": "https://registry.npmjs.org/@types/estree/-/estree-0.0.44.tgz",
      "integrity": "sha512-iaIVzr+w2ZJ5HkidlZ3EJM8VTZb2MJLCjw3V+505yVts0gRC4UMvjw0d1HPtGqI/HQC/KdsYtayfzl+AXY2R8g=="
    },
    "@types/mkdirp": {
      "version": "1.0.0",
      "resolved": "https://registry.npmjs.org/@types/mkdirp/-/mkdirp-1.0.0.tgz",
      "integrity": "sha512-ONFY9//bCEr3DWKON3iDv/Q8LXnhaYYaNDeFSN0AtO5o4sLf9F0pstJKKKjQhXE0kJEeHs8eR6SAsROhhc2Csw==",
      "requires": {
        "@types/node": "*"
      }
    },
    "@types/node": {
      "version": "14.0.5",
      "resolved": "https://registry.npmjs.org/@types/node/-/node-14.0.5.tgz",
      "integrity": "sha512-90hiq6/VqtQgX8Sp0EzeIsv3r+ellbGj4URKj5j30tLlZvRUpnAe9YbYnjl3pJM93GyXU0tghHhvXHq+5rnCKA=="
    },
    "deep-is": {
      "version": "0.1.3",
      "resolved": "https://registry.npmjs.org/deep-is/-/deep-is-0.1.3.tgz",
      "integrity": "sha1-s2nW+128E+7PUk+RsHD+7cNXzzQ="
    },
    "escodegen": {
      "version": "1.14.1",
      "resolved": "https://registry.npmjs.org/escodegen/-/escodegen-1.14.1.tgz",
      "integrity": "sha512-Bmt7NcRySdIfNPfU2ZoXDrrXsG9ZjvDxcAlMfDUgRBjLOWTuIACXPBFJH7Z+cLb40JeQco5toikyc9t9P8E9SQ==",
      "requires": {
        "esprima": "^4.0.1",
        "estraverse": "^4.2.0",
        "esutils": "^2.0.2",
        "optionator": "^0.8.1",
        "source-map": "~0.6.1"
      },
      "dependencies": {
        "esprima": {
          "version": "4.0.1",
          "resolved": "https://registry.npmjs.org/esprima/-/esprima-4.0.1.tgz",
          "integrity": "sha512-eGuFFw7Upda+g4p+QHvnW0RyTX/SVeJBDM/gCtMARO0cLuT2HcEKnTPvhjV6aGeqrCB/sbNop0Kszm0jsaWU4A=="
        }
      }
    },
    "esprima": {
      "version": "1.2.2",
      "resolved": "https://registry.npmjs.org/esprima/-/esprima-1.2.2.tgz",
      "integrity": "sha1-dqD9Zvz+FU/SkmZ9wmQBl1CxZXs="
    },
    "estraverse": {
      "version": "4.3.0",
      "resolved": "https://registry.npmjs.org/estraverse/-/estraverse-4.3.0.tgz",
      "integrity": "sha512-39nnKffWz8xN1BU/2c79n9nB9HDzo0niYUqx6xyqUnyoAnQyyWpOTdZEeiCch8BBu515t4wp9ZmgVfVhn9EBpw=="
    },
    "esutils": {
      "version": "2.0.3",
      "resolved": "https://registry.npmjs.org/esutils/-/esutils-2.0.3.tgz",
      "integrity": "sha512-kVscqXk4OCp68SZ0dkgEKVi6/8ij300KBWTJq32P/dYeWTSwK41WyTxalN1eRmA5Z9UU/LX9D7FWSmV9SAYx6g=="
    },
    "fast-levenshtein": {
      "version": "2.0.6",
      "resolved": "https://registry.npmjs.org/fast-levenshtein/-/fast-levenshtein-2.0.6.tgz",
      "integrity": "sha1-PYpcZog6FqMMqGQ+hR8Zuqd5eRc="
    },
    "levn": {
      "version": "0.3.0",
      "resolved": "https://registry.npmjs.org/levn/-/levn-0.3.0.tgz",
      "integrity": "sha1-OwmSTt+fCDwEkP3UwLxEIeBHZO4=",
      "requires": {
        "prelude-ls": "~1.1.2",
        "type-check": "~0.3.2"
      }
    },
    "monaco-editor": {
      "version": "0.24.0",
      "resolved": "https://registry.npmjs.org/monaco-editor/-/monaco-editor-0.24.0.tgz",
      "integrity": "sha512-o1f0Lz6ABFNTtnEqqqvlY9qzNx24rQZx1RgYNQ8SkWkE+Ka63keHH/RqxQ4QhN4fs/UYOnvAtEUZsPrzccH++A==",
      "peer": true
    },
    "ngx-monaco-editor": {
      "version": "12.0.0",
      "resolved": "https://registry.npmjs.org/ngx-monaco-editor/-/ngx-monaco-editor-12.0.0.tgz",
      "integrity": "sha512-/HXTILVwWvrk4OkT1p88nb+PGEqlecQot2VMTdSLbVW7A24fNZpDAF6tNR4Bp3V/abZjShDK8LfsqLePA0tPmw==",
      "peer": true,
      "requires": {
        "tslib": "^2.1.0"
      }
    },
    "optionator": {
      "version": "0.8.3",
      "resolved": "https://registry.npmjs.org/optionator/-/optionator-0.8.3.tgz",
      "integrity": "sha512-+IW9pACdk3XWmmTXG8m3upGUJst5XRGzxMRjXzAuJ1XnIFNvfhjjIuYkDvysnPQ7qzqVzLt78BCruntqRhWQbA==",
      "requires": {
        "deep-is": "~0.1.3",
        "fast-levenshtein": "~2.0.6",
        "levn": "~0.3.0",
        "prelude-ls": "~1.1.2",
        "type-check": "~0.3.2",
        "word-wrap": "~1.2.3"
      }
    },
    "parse5": {
      "version": "5.1.1",
      "resolved": "https://registry.npmjs.org/parse5/-/parse5-5.1.1.tgz",
      "integrity": "sha512-ugq4DFI0Ptb+WWjAdOK16+u/nHfiIrcE+sh8kZMaM0WllQKLI9rOUq6c2b7cwPkXdzfQESqvoqK6ug7U/Yyzug==",
      "optional": true,
      "peer": true
    },
    "prelude-ls": {
      "version": "1.1.2",
      "resolved": "https://registry.npmjs.org/prelude-ls/-/prelude-ls-1.1.2.tgz",
      "integrity": "sha1-IZMqVJ9eUv/ZqCf1cOBL5iqX2lQ="
    },
    "rxjs": {
      "version": "6.5.5",
      "resolved": "https://registry.npmjs.org/rxjs/-/rxjs-6.5.5.tgz",
      "integrity": "sha512-WfQI+1gohdf0Dai/Bbmk5L5ItH5tYqm3ki2c5GdWhKjalzjg93N3avFjVStyZZz+A2Em+ZxKH5bNghw9UeylGQ==",
      "requires": {
        "tslib": "^1.9.0"
      },
      "dependencies": {
        "tslib": {
          "version": "1.14.1",
          "resolved": "https://registry.npmjs.org/tslib/-/tslib-1.14.1.tgz",
          "integrity": "sha512-Xni35NKzjgMrwevysHTCArtLDpPvye8zV/0E4EyYn43P7/7qvQwPh9BGkHewbMulVntbigmcT7rdX3BNo9wRJg=="
        }
      }
    },
    "source-map": {
      "version": "0.6.1",
      "resolved": "https://registry.npmjs.org/source-map/-/source-map-0.6.1.tgz",
      "integrity": "sha512-UjgapumWlbMhkBgzT7Ykc5YXUT46F0iKu8SGXq0bcwP5dz/h0Plj6enJqjz1Zbq2l5WaqYnrVbwWOWMyF3F47g==",
      "optional": true
    },
    "static-eval": {
      "version": "2.0.2",
      "resolved": "https://registry.npmjs.org/static-eval/-/static-eval-2.0.2.tgz",
      "integrity": "sha512-N/D219Hcr2bPjLxPiV+TQE++Tsmrady7TqAJugLy7Xk1EumfDWS/f5dtBbkRCGE7wKKXuYockQoj8Rm2/pVKyg==",
      "requires": {
        "escodegen": "^1.8.1"
      }
    },
    "subsink": {
      "version": "1.0.1",
      "resolved": "https://registry.npmjs.org/subsink/-/subsink-1.0.1.tgz",
      "integrity": "sha512-WtsWee/fOtrJat2aKGRF4X36kvjsv8wdcSKWcAxYUPgww5TYHPU+Jro9hu2YJKynl607V97Nc+plGXyWrLqhNQ=="
    },
    "tslib": {
      "version": "2.4.0",
      "resolved": "https://registry.npmjs.org/tslib/-/tslib-2.4.0.tgz",
      "integrity": "sha512-d6xOpEDfsi2CZVlPQzGeux8XMwLT9hssAsaPYExaQMuYskwb+x1x7J371tWlbBdWHroy99KnVB6qIkUbs5X3UQ=="
    },
    "type-check": {
      "version": "0.3.2",
      "resolved": "https://registry.npmjs.org/type-check/-/type-check-0.3.2.tgz",
      "integrity": "sha1-WITKtRLPHTVeP7eE8wgEsrUg23I=",
      "requires": {
        "prelude-ls": "~1.1.2"
      }
    },
    "underscore": {
      "version": "1.7.0",
      "resolved": "https://registry.npmjs.org/underscore/-/underscore-1.7.0.tgz",
      "integrity": "sha1-a7rwh3UA02vjTsqlhODbn+8DUgk="
    },
    "uuid": {
      "version": "8.1.0",
      "resolved": "https://registry.npmjs.org/uuid/-/uuid-8.1.0.tgz",
      "integrity": "sha512-CI18flHDznR0lq54xBycOVmphdCYnQLKn8abKn7PXUiKUGdEd+/l9LWNJmugXel4hXq7S+RMNl34ecyC9TntWg=="
    },
    "word-wrap": {
      "version": "1.2.3",
      "resolved": "https://registry.npmjs.org/word-wrap/-/word-wrap-1.2.3.tgz",
      "integrity": "sha512-Hz/mrNwitNRh/HUAtM/VT/5VH+ygD6DV7mYKZAtHOrbs8U7lvPS6xf7EJKMF0uW1KJCl0H701g3ZGus+muE5vQ=="
    },
    "zone.js": {
      "version": "0.11.5",
      "resolved": "https://registry.npmjs.org/zone.js/-/zone.js-0.11.5.tgz",
      "integrity": "sha512-D1/7VxEuQ7xk6z/kAROe4SUbd9CzxY4zOwVGnGHerd/SgLIVU5f4esDzQUsOCeArn933BZfWMKydH7l7dPEp0g==",
      "peer": true,
      "requires": {
        "tslib": "^2.3.0"
      }
    }
  }
}
